
Microsoft Visual Studio Solution File, Format Version 12.00
# Visual Studio Version 17
VisualStudioVersion = 17.3.32929.385
MinimumVisualStudioVersion = 10.0.40219.1
Project("{FAE04EC0-301F-11D3-BF4B-00C04F79EFBC}") = "ProjektniZadatakA", "ProjektniZadatakA\ProjektniZadatakA.csproj", "{60CA64B4-B572-40C4-A96A-2BD466656FEB}"
EndProject
Global
	GlobalSection(SolutionConfigurationPlatforms) = preSolution
		Debug|Any CPU = Debug|Any CPU
		Release|Any CPU = Release|Any CPU
	EndGlobalSection
	GlobalSection(ProjectConfigurationPlatforms) = postSolution
		{60CA64B4-B572-40C4-A96A-2BD466656FEB}.Debug|Any CPU.ActiveCfg = Debug|Any CPU
		{60CA64B4-B572-40C4-A96A-2BD466656FEB}.Debug|Any CPU.Build.0 = Debug|Any CPU
		{60CA64B4-B572-40C4-A96A-2BD466656FEB}.Release|Any CPU.ActiveCfg = Release|Any CPU
		{60CA64B4-B572-40C4-A96A-2BD466656FEB}.Release|Any CPU.Build.0 = Release|Any CPU
	EndGlobalSection
	GlobalSection(SolutionProperties) = preSolution
		HideSolutionNode = FALSE
	EndGlobalSection
	GlobalSection(ExtensibilityGlobals) = postSolution
		SolutionGuid = {00C89E8B-BE5A-49F0-B5FC-F3410CE6FD23}
	EndGlobalSection
EndGlobal
